
Microsoft Visual Studio Solution File, Format Version 12.00
# Visual Studio Version 16
VisualStudioVersion = 16.0.31005.135
MinimumVisualStudioVersion = 10.0.40219.1
Project("{2150E333-8FDC-42A3-9474-1A3956D46DE8}") = "W1", "W1", "{7E740F62-0BDA-4B7B-B7F7-E5D2734DB07B}"
EndProject
Project("{FAE04EC0-301F-11D3-BF4B-00C04F79EFBC}") = "1.1 HelloWorld", "W1\HelloWorld\1.1 HelloWorld.csproj", "{754E4609-B941-4327-B9C2-71042FB93C03}"
EndProject
Project("{FAE04EC0-301F-11D3-BF4B-00C04F79EFBC}") = "1.2 MyFirstWinFormsApp", "W1\MyFirstWinFormsApp\1.2 MyFirstWinFormsApp.csproj", "{5E2CC860-A169-45AE-AFFE-94E28EF530D4}"
EndProject
Project("{FAE04EC0-301F-11D3-BF4B-00C04F79EFBC}") = "W5Demo", "W5Demo\W5Demo.csproj", "{741BE4F7-FBCC-4D05-A09F-A20E2AF34110}"
EndProject
Project("{FAE04EC0-301F-11D3-BF4B-00C04F79EFBC}") = "W6Demo", "W6Demo\W6Demo.csproj", "{5D894CD2-3C1C-44CD-A4E8-D1400E346FB8}"
EndProject
Project("{FAE04EC0-301F-11D3-BF4B-00C04F79EFBC}") = "W7Demo", "W7Demo\W7Demo.csproj", "{AD992373-545F-49DE-8A27-F5F5E18D6F31}"
EndProject
Project("{FAE04EC0-301F-11D3-BF4B-00C04F79EFBC}") = "W8Demo", "W8Demo\W8Demo.csproj", "{36626882-57A5-4268-BFFB-9583208F77E8}"
EndProject
Global
	GlobalSection(SolutionConfigurationPlatforms) = preSolution
		Debug|Any CPU = Debug|Any CPU
		Release|Any CPU = Release|Any CPU
	EndGlobalSection
	GlobalSection(ProjectConfigurationPlatforms) = postSolution
		{754E4609-B941-4327-B9C2-71042FB93C03}.Debug|Any CPU.ActiveCfg = Debug|Any CPU
		{754E4609-B941-4327-B9C2-71042FB93C03}.Debug|Any CPU.Build.0 = Debug|Any CPU
		{754E4609-B941-4327-B9C2-71042FB93C03}.Release|Any CPU.ActiveCfg = Release|Any CPU
		{754E4609-B941-4327-B9C2-71042FB93C03}.Release|Any CPU.Build.0 = Release|Any CPU
		{5E2CC860-A169-45AE-AFFE-94E28EF530D4}.Debug|Any CPU.ActiveCfg = Debug|Any CPU
		{5E2CC860-A169-45AE-AFFE-94E28EF530D4}.Debug|Any CPU.Build.0 = Debug|Any CPU
		{5E2CC860-A169-45AE-AFFE-94E28EF530D4}.Release|Any CPU.ActiveCfg = Release|Any CPU
		{5E2CC860-A169-45AE-AFFE-94E28EF530D4}.Release|Any CPU.Build.0 = Release|Any CPU
		{741BE4F7-FBCC-4D05-A09F-A20E2AF34110}.Debug|Any CPU.ActiveCfg = Debug|Any CPU
		{741BE4F7-FBCC-4D05-A09F-A20E2AF34110}.Debug|Any CPU.Build.0 = Debug|Any CPU
		{741BE4F7-FBCC-4D05-A09F-A20E2AF34110}.Release|Any CPU.ActiveCfg = Release|Any CPU
		{741BE4F7-FBCC-4D05-A09F-A20E2AF34110}.Release|Any CPU.Build.0 = Release|Any CPU
		{5D894CD2-3C1C-44CD-A4E8-D1400E346FB8}.Debug|Any CPU.ActiveCfg = Debug|Any CPU
		{5D894CD2-3C1C-44CD-A4E8-D1400E346FB8}.Debug|Any CPU.Build.0 = Debug|Any CPU
		{5D894CD2-3C1C-44CD-A4E8-D1400E346FB8}.Release|Any CPU.ActiveCfg = Release|Any CPU
		{5D894CD2-3C1C-44CD-A4E8-D1400E346FB8}.Release|Any CPU.Build.0 = Release|Any CPU
		{AD992373-545F-49DE-8A27-F5F5E18D6F31}.Debug|Any CPU.ActiveCfg = Debug|Any CPU
		{AD992373-545F-49DE-8A27-F5F5E18D6F31}.Debug|Any CPU.Build.0 = Debug|Any CPU
		{AD992373-545F-49DE-8A27-F5F5E18D6F31}.Release|Any CPU.ActiveCfg = Release|Any CPU
		{AD992373-545F-49DE-8A27-F5F5E18D6F31}.Release|Any CPU.Build.0 = Release|Any CPU
		{36626882-57A5-4268-BFFB-9583208F77E8}.Debug|Any CPU.ActiveCfg = Debug|Any CPU
		{36626882-57A5-4268-BFFB-9583208F77E8}.Debug|Any CPU.Build.0 = Debug|Any CPU
		{36626882-57A5-4268-BFFB-9583208F77E8}.Release|Any CPU.ActiveCfg = Release|Any CPU
		{36626882-57A5-4268-BFFB-9583208F77E8}.Release|Any CPU.Build.0 = Release|Any CPU
	EndGlobalSection
	GlobalSection(SolutionProperties) = preSolution
		HideSolutionNode = FALSE
	EndGlobalSection
	GlobalSection(NestedProjects) = preSolution
		{754E4609-B941-4327-B9C2-71042FB93C03} = {7E740F62-0BDA-4B7B-B7F7-E5D2734DB07B}
		{5E2CC860-A169-45AE-AFFE-94E28EF530D4} = {7E740F62-0BDA-4B7B-B7F7-E5D2734DB07B}
	EndGlobalSection
	GlobalSection(ExtensibilityGlobals) = postSolution
		SolutionGuid = {D98E614B-DB5D-4A95-A9BD-0A9868004A8F}
	EndGlobalSection
EndGlobal
