
Microsoft Visual Studio Solution File, Format Version 12.00
# Visual Studio Version 16
VisualStudioVersion = 16.0.31005.135
MinimumVisualStudioVersion = 10.0.40219.1
Project("{2150E333-8FDC-42A3-9474-1A3956D46DE8}") = "W1", "W1", "{7E740F62-0BDA-4B7B-B7F7-E5D2734DB07B}"
EndProject
Project("{FAE04EC0-301F-11D3-BF4B-00C04F79EFBC}") = "1.1 HelloWorld", "W1\HelloWorld\1.1 HelloWorld.csproj", "{754E4609-B941-4327-B9C2-71042FB93C03}"
EndProject
Project("{FAE04EC0-301F-11D3-BF4B-00C04F79EFBC}") = "1.2 MyFirstWinFormsApp", "W1\MyFirstWinFormsApp\1.2 MyFirstWinFormsApp.csproj", "{5E2CC860-A169-45AE-AFFE-94E28EF530D4}"
EndProject
Global
	GlobalSection(SolutionConfigurationPlatforms) = preSolution
		Debug|Any CPU = Debug|Any CPU
		Release|Any CPU = Release|Any CPU
	EndGlobalSection
	GlobalSection(ProjectConfigurationPlatforms) = postSolution
		{754E4609-B941-4327-B9C2-71042FB93C03}.Debug|Any CPU.ActiveCfg = Debug|Any CPU
		{754E4609-B941-4327-B9C2-71042FB93C03}.Debug|Any CPU.Build.0 = Debug|Any CPU
		{754E4609-B941-4327-B9C2-71042FB93C03}.Release|Any CPU.ActiveCfg = Release|Any CPU
		{754E4609-B941-4327-B9C2-71042FB93C03}.Release|Any CPU.Build.0 = Release|Any CPU
		{5E2CC860-A169-45AE-AFFE-94E28EF530D4}.Debug|Any CPU.ActiveCfg = Debug|Any CPU
		{5E2CC860-A169-45AE-AFFE-94E28EF530D4}.Debug|Any CPU.Build.0 = Debug|Any CPU
		{5E2CC860-A169-45AE-AFFE-94E28EF530D4}.Release|Any CPU.ActiveCfg = Release|Any CPU
		{5E2CC860-A169-45AE-AFFE-94E28EF530D4}.Release|Any CPU.Build.0 = Release|Any CPU
	EndGlobalSection
	GlobalSection(SolutionProperties) = preSolution
		HideSolutionNode = FALSE
	EndGlobalSection
	GlobalSection(NestedProjects) = preSolution
		{754E4609-B941-4327-B9C2-71042FB93C03} = {7E740F62-0BDA-4B7B-B7F7-E5D2734DB07B}
		{5E2CC860-A169-45AE-AFFE-94E28EF530D4} = {7E740F62-0BDA-4B7B-B7F7-E5D2734DB07B}
	EndGlobalSection
	GlobalSection(ExtensibilityGlobals) = postSolution
		SolutionGuid = {D98E614B-DB5D-4A95-A9BD-0A9868004A8F}
	EndGlobalSection
EndGlobal
